
Microsoft Visual Studio Solution File, Format Version 12.00
# Visual Studio Version 16
VisualStudioVersion = 16.0.31205.134
MinimumVisualStudioVersion = 10.0.40219.1
Project("{FAE04EC0-301F-11D3-BF4B-00C04F79EFBC}") = "AndresRamosExamen.Android", "AndresRamosExamen.Android\AndresRamosExamen.Android.csproj", "{1150869F-1146-4D08-9F9A-3D2CB6F11151}"
EndProject
Project("{FAE04EC0-301F-11D3-BF4B-00C04F79EFBC}") = "AndresRamosExamen.iOS", "AndresRamosExamen.iOS\AndresRamosExamen.iOS.csproj", "{82D74D7F-070C-4256-9B35-EDF99DD0388A}"
EndProject
Project("{FAE04EC0-301F-11D3-BF4B-00C04F79EFBC}") = "AndresRamosExamen", "AndresRamosExamen\AndresRamosExamen.csproj", "{3B00DE12-A857-4FF2-A6BD-2F1E0CABBF88}"
EndProject
Global
	GlobalSection(SolutionConfigurationPlatforms) = preSolution
		Debug|Any CPU = Debug|Any CPU
		Debug|iPhone = Debug|iPhone
		Debug|iPhoneSimulator = Debug|iPhoneSimulator
		Release|Any CPU = Release|Any CPU
		Release|iPhone = Release|iPhone
		Release|iPhoneSimulator = Release|iPhoneSimulator
	EndGlobalSection
	GlobalSection(ProjectConfigurationPlatforms) = postSolution
		{1150869F-1146-4D08-9F9A-3D2CB6F11151}.Debug|Any CPU.ActiveCfg = Debug|Any CPU
		{1150869F-1146-4D08-9F9A-3D2CB6F11151}.Debug|Any CPU.Build.0 = Debug|Any CPU
		{1150869F-1146-4D08-9F9A-3D2CB6F11151}.Debug|Any CPU.Deploy.0 = Debug|Any CPU
		{1150869F-1146-4D08-9F9A-3D2CB6F11151}.Debug|iPhone.ActiveCfg = Debug|Any CPU
		{1150869F-1146-4D08-9F9A-3D2CB6F11151}.Debug|iPhone.Build.0 = Debug|Any CPU
		{1150869F-1146-4D08-9F9A-3D2CB6F11151}.Debug|iPhone.Deploy.0 = Debug|Any CPU
		{1150869F-1146-4D08-9F9A-3D2CB6F11151}.Debug|iPhoneSimulator.ActiveCfg = Debug|Any CPU
		{1150869F-1146-4D08-9F9A-3D2CB6F11151}.Debug|iPhoneSimulator.Build.0 = Debug|Any CPU
		{1150869F-1146-4D08-9F9A-3D2CB6F11151}.Debug|iPhoneSimulator.Deploy.0 = Debug|Any CPU
		{1150869F-1146-4D08-9F9A-3D2CB6F11151}.Release|Any CPU.ActiveCfg = Release|Any CPU
		{1150869F-1146-4D08-9F9A-3D2CB6F11151}.Release|Any CPU.Build.0 = Release|Any CPU
		{1150869F-1146-4D08-9F9A-3D2CB6F11151}.Release|Any CPU.Deploy.0 = Release|Any CPU
		{1150869F-1146-4D08-9F9A-3D2CB6F11151}.Release|iPhone.ActiveCfg = Release|Any CPU
		{1150869F-1146-4D08-9F9A-3D2CB6F11151}.Release|iPhone.Build.0 = Release|Any CPU
		{1150869F-1146-4D08-9F9A-3D2CB6F11151}.Release|iPhone.Deploy.0 = Release|Any CPU
		{1150869F-1146-4D08-9F9A-3D2CB6F11151}.Release|iPhoneSimulator.ActiveCfg = Release|Any CPU
		{1150869F-1146-4D08-9F9A-3D2CB6F11151}.Release|iPhoneSimulator.Build.0 = Release|Any CPU
		{1150869F-1146-4D08-9F9A-3D2CB6F11151}.Release|iPhoneSimulator.Deploy.0 = Release|Any CPU
		{82D74D7F-070C-4256-9B35-EDF99DD0388A}.Debug|Any CPU.ActiveCfg = Debug|iPhone
		{82D74D7F-070C-4256-9B35-EDF99DD0388A}.Debug|Any CPU.Build.0 = Debug|iPhone
		{82D74D7F-070C-4256-9B35-EDF99DD0388A}.Debug|Any CPU.Deploy.0 = Debug|iPhone
		{82D74D7F-070C-4256-9B35-EDF99DD0388A}.Debug|iPhone.ActiveCfg = Debug|iPhone
		{82D74D7F-070C-4256-9B35-EDF99DD0388A}.Debug|iPhone.Build.0 = Debug|iPhone
		{82D74D7F-070C-4256-9B35-EDF99DD0388A}.Debug|iPhone.Deploy.0 = Debug|iPhone
		{82D74D7F-070C-4256-9B35-EDF99DD0388A}.Debug|iPhoneSimulator.ActiveCfg = Debug|iPhoneSimulator
		{82D74D7F-070C-4256-9B35-EDF99DD0388A}.Debug|iPhoneSimulator.Build.0 = Debug|iPhoneSimulator
		{82D74D7F-070C-4256-9B35-EDF99DD0388A}.Debug|iPhoneSimulator.Deploy.0 = Debug|iPhoneSimulator
		{82D74D7F-070C-4256-9B35-EDF99DD0388A}.Release|Any CPU.ActiveCfg = Release|iPhoneSimulator
		{82D74D7F-070C-4256-9B35-EDF99DD0388A}.Release|Any CPU.Build.0 = Release|iPhoneSimulator
		{82D74D7F-070C-4256-9B35-EDF99DD0388A}.Release|Any CPU.Deploy.0 = Release|iPhoneSimulator
		{82D74D7F-070C-4256-9B35-EDF99DD0388A}.Release|iPhone.ActiveCfg = Release|iPhone
		{82D74D7F-070C-4256-9B35-EDF99DD0388A}.Release|iPhone.Build.0 = Release|iPhone
		{82D74D7F-070C-4256-9B35-EDF99DD0388A}.Release|iPhone.Deploy.0 = Release|iPhone
		{82D74D7F-070C-4256-9B35-EDF99DD0388A}.Release|iPhoneSimulator.ActiveCfg = Release|iPhoneSimulator
		{82D74D7F-070C-4256-9B35-EDF99DD0388A}.Release|iPhoneSimulator.Build.0 = Release|iPhoneSimulator
		{82D74D7F-070C-4256-9B35-EDF99DD0388A}.Release|iPhoneSimulator.Deploy.0 = Release|iPhoneSimulator
		{3B00DE12-A857-4FF2-A6BD-2F1E0CABBF88}.Debug|Any CPU.ActiveCfg = Debug|Any CPU
		{3B00DE12-A857-4FF2-A6BD-2F1E0CABBF88}.Debug|Any CPU.Build.0 = Debug|Any CPU
		{3B00DE12-A857-4FF2-A6BD-2F1E0CABBF88}.Debug|Any CPU.Deploy.0 = Debug|Any CPU
		{3B00DE12-A857-4FF2-A6BD-2F1E0CABBF88}.Debug|iPhone.ActiveCfg = Debug|Any CPU
		{3B00DE12-A857-4FF2-A6BD-2F1E0CABBF88}.Debug|iPhone.Build.0 = Debug|Any CPU
		{3B00DE12-A857-4FF2-A6BD-2F1E0CABBF88}.Debug|iPhone.Deploy.0 = Debug|Any CPU
		{3B00DE12-A857-4FF2-A6BD-2F1E0CABBF88}.Debug|iPhoneSimulator.ActiveCfg = Debug|Any CPU
		{3B00DE12-A857-4FF2-A6BD-2F1E0CABBF88}.Debug|iPhoneSimulator.Build.0 = Debug|Any CPU
		{3B00DE12-A857-4FF2-A6BD-2F1E0CABBF88}.Debug|iPhoneSimulator.Deploy.0 = Debug|Any CPU
		{3B00DE12-A857-4FF2-A6BD-2F1E0CABBF88}.Release|Any CPU.ActiveCfg = Release|Any CPU
		{3B00DE12-A857-4FF2-A6BD-2F1E0CABBF88}.Release|Any CPU.Build.0 = Release|Any CPU
		{3B00DE12-A857-4FF2-A6BD-2F1E0CABBF88}.Release|Any CPU.Deploy.0 = Release|Any CPU
		{3B00DE12-A857-4FF2-A6BD-2F1E0CABBF88}.Release|iPhone.ActiveCfg = Release|Any CPU
		{3B00DE12-A857-4FF2-A6BD-2F1E0CABBF88}.Release|iPhone.Build.0 = Release|Any CPU
		{3B00DE12-A857-4FF2-A6BD-2F1E0CABBF88}.Release|iPhone.Deploy.0 = Release|Any CPU
		{3B00DE12-A857-4FF2-A6BD-2F1E0CABBF88}.Release|iPhoneSimulator.ActiveCfg = Release|Any CPU
		{3B00DE12-A857-4FF2-A6BD-2F1E0CABBF88}.Release|iPhoneSimulator.Build.0 = Release|Any CPU
		{3B00DE12-A857-4FF2-A6BD-2F1E0CABBF88}.Release|iPhoneSimulator.Deploy.0 = Release|Any CPU
	EndGlobalSection
	GlobalSection(SolutionProperties) = preSolution
		HideSolutionNode = FALSE
	EndGlobalSection
	GlobalSection(ExtensibilityGlobals) = postSolution
		SolutionGuid = {4E30DAB3-6D54-4052-BAD4-96149706ACF3}
	EndGlobalSection
EndGlobal
